<?xml version="1.0" encoding="utf-8"?>
<Project ToolsVersion="4.0" xmlns="http://schemas.microsoft.com/developer/msbuild/2003">
  <ItemGroup>
    <Filter Include="src">
      <UniqueIdentifier>{29b42430-e7f1-43a2-a858-253f5cc543e2}</UniqueIdentifier>
    </Filter>
    <Filter Include="src\base">
      <UniqueIdentifier>{c20aedc7-f426-4066-9edb-6aa028fcb459}</UniqueIdentifier>
    </Filter>
    <Filter Include="src\platform">
      <UniqueIdentifier>{0e8d9df6-f1ab-4fc7-96de-6c24151fad29}</UniqueIdentifier>
    </Filter>
    <Filter Include="src\platform\gameboy">
      <UniqueIdentifier>{36a54a0d-54a8-464f-b632-5443eed3432c}</UniqueIdentifier>
    </Filter>
    <Filter Include="src\devices">
      <UniqueIdentifier>{f8665cd8-1038-4aab-86b0-e9f2a5c6947e}</UniqueIdentifier>
    </Filter>
    <Filter Include="src\ui">
      <UniqueIdentifier>{2a13ecb3-fc9e-47ac-ad1c-8d94c993364d}</UniqueIdentifier>
    </Filter>
    <Filter Include="src\libs">
      <UniqueIdentifier>{31556af4-1872-4e53-bfe0-3c2f541993dd}</UniqueIdentifier>
    </Filter>
    <Filter Include="src\libs\imgui">
      <UniqueIdentifier>{7596c667-05db-4491-b4f5-e14ffc5c7908}</UniqueIdentifier>
    </Filter>
    <Filter Include="src\libs\rllm">
      <UniqueIdentifier>{b972fe8c-da04-4411-af24-f314d688565e}</UniqueIdentifier>
    </Filter>
    <Filter Include="src\platform\mos">
      <UniqueIdentifier>{fb4538ff-c0da-4373-a2f1-005e2e7857a7}</UniqueIdentifier>
    </Filter>
  </ItemGroup>
  <ItemGroup>
    <ClCompile Include="..\..\..\src\main.cpp">
      <Filter>src</Filter>
    </ClCompile>
    <ClCompile Include="..\..\..\..\libs\imgui\imgui_tables.cpp">
      <Filter>src\libs\imgui</Filter>
    </ClCompile>
    <ClCompile Include="..\..\..\..\libs\imgui\imgui_widgets.cpp">
      <Filter>src\libs\imgui</Filter>
    </ClCompile>
    <ClCompile Include="..\..\..\..\libs\imgui\imgui.cpp">
      <Filter>src\libs\imgui</Filter>
    </ClCompile>
    <ClCompile Include="..\..\..\..\libs\imgui\imgui_demo.cpp">
      <Filter>src\libs\imgui</Filter>
    </ClCompile>
    <ClCompile Include="..\..\..\..\libs\imgui\imgui_draw.cpp">
      <Filter>src\libs\imgui</Filter>
    </ClCompile>
    <ClCompile Include="..\..\..\src\base\file_system.cpp">
      <Filter>src\base</Filter>
    </ClCompile>
    <ClCompile Include="..\..\..\src\base\path.cpp">
      <Filter>src\base</Filter>
    </ClCompile>
    <ClCompile Include="..\..\..\src\platform\gameboy\rtc.cpp">
      <Filter>src\platform\gameboy</Filter>
    </ClCompile>
    <ClCompile Include="..\..\..\src\platform\gameboy\cartridge.cpp">
      <Filter>src\platform\gameboy</Filter>
    </ClCompile>
    <ClCompile Include="..\..\..\src\ui\window.cpp">
      <Filter>src\ui</Filter>
    </ClCompile>
    <ClCompile Include="..\..\..\src\ui\frame_window.cpp">
      <Filter>src\ui</Filter>
    </ClCompile>
    <ClCompile Include="..\..\..\..\libs\rlImGui\rlImGui.cpp">
      <Filter>src\libs\rllm</Filter>
    </ClCompile>
    <ClCompile Include="..\..\..\src\platform\mos\mos6502.cpp">
      <Filter>src\platform\mos</Filter>
    </ClCompile>
    <ClCompile Include="..\..\..\src\platform\mos\mos6502_opcodes.cpp">
      <Filter>src\platform\mos</Filter>
    </ClCompile>
    <ClCompile Include="..\..\..\src\platform\gameboy\lr35902.cpp">
      <Filter>src\platform\gameboy</Filter>
    </ClCompile>
    <ClCompile Include="..\..\..\src\platform\gameboy\gameboy_ppu.cpp">
      <Filter>src\platform\gameboy</Filter>
    </ClCompile>
    <ClCompile Include="..\..\..\src\platform\gameboy\gameboy.cpp">
      <Filter>src\platform\gameboy</Filter>
    </ClCompile>
    <ClCompile Include="..\..\..\src\platform\gameboy\gameboy_memory.cpp">
      <Filter>src\platform\gameboy</Filter>
    </ClCompile>
  </ItemGroup>
  <ItemGroup>
    <ClInclude Include="..\..\..\..\libs\imgui\imstb_rectpack.h">
      <Filter>src\libs\imgui</Filter>
    </ClInclude>
    <ClInclude Include="..\..\..\..\libs\imgui\imstb_textedit.h">
      <Filter>src\libs\imgui</Filter>
    </ClInclude>
    <ClInclude Include="..\..\..\..\libs\imgui\imstb_truetype.h">
      <Filter>src\libs\imgui</Filter>
    </ClInclude>
    <ClInclude Include="..\..\..\..\libs\imgui\imconfig.h">
      <Filter>src\libs\imgui</Filter>
    </ClInclude>
    <ClInclude Include="..\..\..\..\libs\imgui\imgui.h">
      <Filter>src\libs\imgui</Filter>
    </ClInclude>
    <ClInclude Include="..\..\..\..\libs\imgui\imgui_internal.h">
      <Filter>src\libs\imgui</Filter>
    </ClInclude>
    <ClInclude Include="..\..\..\src\common.h">
      <Filter>src</Filter>
    </ClInclude>
    <ClInclude Include="..\..\..\src\base\file_system.h">
      <Filter>src\base</Filter>
    </ClInclude>
    <ClInclude Include="..\..\..\src\base\path.h">
      <Filter>src\base</Filter>
    </ClInclude>
    <ClInclude Include="..\..\..\src\platform\gameboy\rtc.h">
      <Filter>src\platform\gameboy</Filter>
    </ClInclude>
    <ClInclude Include="..\..\..\src\platform\gameboy\cartridge.h">
      <Filter>src\platform\gameboy</Filter>
    </ClInclude>
    <ClInclude Include="..\..\..\src\devices\component.h">
      <Filter>src\devices</Filter>
    </ClInclude>
    <ClInclude Include="..\..\..\src\ui\window.h">
      <Filter>src\ui</Filter>
    </ClInclude>
    <ClInclude Include="..\..\..\src\ui\frame_window.h">
      <Filter>src\ui</Filter>
    </ClInclude>
    <ClInclude Include="..\..\..\..\libs\rlImGui\rlImGui.h">
      <Filter>src\libs\rllm</Filter>
    </ClInclude>
    <ClInclude Include="..\..\..\..\libs\rlImGui\rlImGuiColors.h">
      <Filter>src\libs\rllm</Filter>
    </ClInclude>
    <ClInclude Include="..\..\..\..\libs\rlImGui\imgui_impl_raylib.h">
      <Filter>src\libs\rllm</Filter>
    </ClInclude>
    <ClInclude Include="..\..\..\src\platform\mos\mos6502.h">
      <Filter>src\platform\mos</Filter>
    </ClInclude>
    <ClInclude Include="..\..\..\src\platform\mos\mos6502_opcodes.h">
      <Filter>src\platform\mos</Filter>
    </ClInclude>
    <ClInclude Include="..\..\..\src\platform\gameboy\gameboy_spec.h">
      <Filter>src\platform\gameboy</Filter>
    </ClInclude>
    <ClInclude Include="..\..\..\src\platform\gameboy\lr35902.h">
      <Filter>src\platform\gameboy</Filter>
    </ClInclude>
    <ClInclude Include="..\..\..\src\platform\gameboy\gameboy_ppu.h">
      <Filter>src\platform\gameboy</Filter>
    </ClInclude>
    <ClInclude Include="..\..\..\src\platform\gameboy\gameboy.h">
      <Filter>src\platform\gameboy</Filter>
    </ClInclude>
    <ClInclude Include="..\..\..\src\platform\gameboy\gameboy_memory.h">
      <Filter>src\platform\gameboy</Filter>
    </ClInclude>
  </ItemGroup>
</Project>